// !$*UTF8*$!
{
	archiveVersion = 1;
	classes = {
	};
	objectVersion = 50;
	objects = {

/* Begin PBXBuildFile section */
		80D2B9A9255FE5F200707ECA /* AppDelegate.swift in Sources */ = {isa = PBXBuildFile; fileRef = 80D2B9A8255FE5F200707ECA /* AppDelegate.swift */; };
		80D2B9AB255FE5F200707ECA /* SceneDelegate.swift in Sources */ = {isa = PBXBuildFile; fileRef = 80D2B9AA255FE5F200707ECA /* SceneDelegate.swift */; };
		80D2B9AD255FE5F200707ECA /* ViewController.swift in Sources */ = {isa = PBXBuildFile; fileRef = 80D2B9AC255FE5F200707ECA /* ViewController.swift */; };
		80D2B9B0255FE5F200707ECA /* Main.storyboard in Resources */ = {isa = PBXBuildFile; fileRef = 80D2B9AE255FE5F200707ECA /* Main.storyboard */; };
		80D2B9B3255FE5F200707ECA /* HolidayList.xcdatamodeld in Sources */ = {isa = PBXBuildFile; fileRef = 80D2B9B1255FE5F200707ECA /* HolidayList.xcdatamodeld */; };
		80D2B9B5255FE5F300707ECA /* Assets.xcassets in Resources */ = {isa = PBXBuildFile; fileRef = 80D2B9B4255FE5F300707ECA /* Assets.xcassets */; };
		80D2B9B8255FE5F300707ECA /* LaunchScreen.storyboard in Resources */ = {isa = PBXBuildFile; fileRef = 80D2B9B6255FE5F300707ECA /* LaunchScreen.storyboard */; };
		80D2B9C3255FE5F300707ECA /* HolidayListTests.swift in Sources */ = {isa = PBXBuildFile; fileRef = 80D2B9C2255FE5F300707ECA /* HolidayListTests.swift */; };
		80D2B9CE255FE5F300707ECA /* HolidayListUITests.swift in Sources */ = {isa = PBXBuildFile; fileRef = 80D2B9CD255FE5F300707ECA /* HolidayListUITests.swift */; };
/* End PBXBuildFile section */

/* Begin PBXContainerItemProxy section */
		80D2B9BF255FE5F300707ECA /* PBXContainerItemProxy */ = {
			isa = PBXContainerItemProxy;
			containerPortal = 80D2B99D255FE5F100707ECA /* Project object */;
			proxyType = 1;
			remoteGlobalIDString = 80D2B9A4255FE5F200707ECA;
			remoteInfo = HolidayList;
		};
		80D2B9CA255FE5F300707ECA /* PBXContainerItemProxy */ = {
			isa = PBXContainerItemProxy;
			containerPortal = 80D2B99D255FE5F100707ECA /* Project object */;
			proxyType = 1;
			remoteGlobalIDString = 80D2B9A4255FE5F200707ECA;
			remoteInfo = HolidayList;
		};
/* End PBXContainerItemProxy section */

/* Begin PBXFileReference section */
		80D2B9A5255FE5F200707ECA /* HolidayList.app */ = {isa = PBXFileReference; explicitFileType = wrapper.application; includeInIndex = 0; path = HolidayList.app; sourceTree = BUILT_PRODUCTS_DIR; };
		80D2B9A8255FE5F200707ECA /* AppDelegate.swift */ = {isa = PBXFileReference; lastKnownFileType = sourcecode.swift; path = AppDelegate.swift; sourceTree = "<group>"; };
		80D2B9AA255FE5F200707ECA /* SceneDelegate.swift */ = {isa = PBXFileReference; lastKnownFileType = sourcecode.swift; path = SceneDelegate.swift; sourceTree = "<group>"; };
		80D2B9AC255FE5F200707ECA /* ViewController.swift */ = {isa = PBXFileReference; lastKnownFileType = sourcecode.swift; path = ViewController.swift; sourceTree = "<group>"; };
		80D2B9AF255FE5F200707ECA /* Base */ = {isa = PBXFileReference; lastKnownFileType = file.storyboard; name = Base; path = Base.lproj/Main.storyboard; sourceTree = "<group>"; };
		80D2B9B2255FE5F200707ECA /* HolidayList.xcdatamodel */ = {isa = PBXFileReference; lastKnownFileType = wrapper.xcdatamodel; path = HolidayList.xcdatamodel; sourceTree = "<group>"; };
		80D2B9B4255FE5F300707ECA /* Assets.xcassets */ = {isa = PBXFileReference; lastKnownFileType = folder.assetcatalog; path = Assets.xcassets; sourceTree = "<group>"; };
		80D2B9B7255FE5F300707ECA /* Base */ = {isa = PBXFileReference; lastKnownFileType = file.storyboard; name = Base; path = Base.lproj/LaunchScreen.storyboard; sourceTree = "<group>"; };
		80D2B9B9255FE5F300707ECA /* Info.plist */ = {isa = PBXFileReference; lastKnownFileType = text.plist.xml; path = Info.plist; sourceTree = "<group>"; };
		80D2B9BE255FE5F300707ECA /* HolidayListTests.xctest */ = {isa = PBXFileReference; explicitFileType = wrapper.cfbundle; includeInIndex = 0; path = HolidayListTests.xctest; sourceTree = BUILT_PRODUCTS_DIR; };
		80D2B9C2255FE5F300707ECA /* HolidayListTests.swift */ = {isa = PBXFileReference; lastKnownFileType = sourcecode.swift; path = HolidayListTests.swift; sourceTree = "<group>"; };
		80D2B9C4255FE5F300707ECA /* Info.plist */ = {isa = PBXFileReference; lastKnownFileType = text.plist.xml; path = Info.plist; sourceTree = "<group>"; };
		80D2B9C9255FE5F300707ECA /* HolidayListUITests.xctest */ = {isa = PBXFileReference; explicitFileType = wrapper.cfbundle; includeInIndex = 0; path = HolidayListUITests.xctest; sourceTree = BUILT_PRODUCTS_DIR; };
		80D2B9CD255FE5F300707ECA /* HolidayListUITests.swift */ = {isa = PBXFileReference; lastKnownFileType = sourcecode.swift; path = HolidayListUITests.swift; sourceTree = "<group>"; };
		80D2B9CF255FE5F300707ECA /* Info.plist */ = {isa = PBXFileReference; lastKnownFileType = text.plist.xml; path = Info.plist; sourceTree = "<group>"; };
/* End PBXFileReference section */

/* Begin PBXFrameworksBuildPhase section */
		80D2B9A2255FE5F200707ECA /* Frameworks */ = {
			isa = PBXFrameworksBuildPhase;
			buildActionMask = 2147483647;
			files = (
			);
			runOnlyForDeploymentPostprocessing = 0;
		};
		80D2B9BB255FE5F300707ECA /* Frameworks */ = {
			isa = PBXFrameworksBuildPhase;
			buildActionMask = 2147483647;
			files = (
			);
			runOnlyForDeploymentPostprocessing = 0;
		};
		80D2B9C6255FE5F300707ECA /* Frameworks */ = {
			isa = PBXFrameworksBuildPhase;
			buildActionMask = 2147483647;
			files = (
			);
			runOnlyForDeploymentPostprocessing = 0;
		};
/* End PBXFrameworksBuildPhase section */

/* Begin PBXGroup section */
		80D2B99C255FE5F100707ECA = {
			isa = PBXGroup;
			children = (
				80D2B9A7255FE5F200707ECA /* HolidayList */,
				80D2B9C1255FE5F300707ECA /* HolidayListTests */,
				80D2B9CC255FE5F300707ECA /* HolidayListUITests */,
				80D2B9A6255FE5F200707ECA /* Products */,
			);
			sourceTree = "<group>";
		};
		80D2B9A6255FE5F200707ECA /* Products */ = {
			isa = PBXGroup;
			children = (
				80D2B9A5255FE5F200707ECA /* HolidayList.app */,
				80D2B9BE255FE5F300707ECA /* HolidayListTests.xctest */,
				80D2B9C9255FE5F300707ECA /* HolidayListUITests.xctest */,
			);
			name = Products;
			sourceTree = "<group>";
		};
		80D2B9A7255FE5F200707ECA /* HolidayList */ = {
			isa = PBXGroup;
			children = (
				80D2B9A8255FE5F200707ECA /* AppDelegate.swift */,
				80D2B9AA255FE5F200707ECA /* SceneDelegate.swift */,
				80D2B9AC255FE5F200707ECA /* ViewController.swift */,
				80D2B9AE255FE5F200707ECA /* Main.storyboard */,
				80D2B9B4255FE5F300707ECA /* Assets.xcassets */,
				80D2B9B6255FE5F300707ECA /* LaunchScreen.storyboard */,
				80D2B9B9255FE5F300707ECA /* Info.plist */,
				80D2B9B1255FE5F200707ECA /* HolidayList.xcdatamodeld */,
			);
			path = HolidayList;
			sourceTree = "<group>";
		};
		80D2B9C1255FE5F300707ECA /* HolidayListTests */ = {
			isa = PBXGroup;
			children = (
				80D2B9C2255FE5F300707ECA /* HolidayListTests.swift */,
				80D2B9C4255FE5F300707ECA /* Info.plist */,
			);
			path = HolidayListTests;
			sourceTree = "<group>";
		};
		80D2B9CC255FE5F300707ECA /* HolidayListUITests */ = {
			isa = PBXGroup;
			children = (
				80D2B9CD255FE5F300707ECA /* HolidayListUITests.swift */,
				80D2B9CF255FE5F300707ECA /* Info.plist */,
			);
			path = HolidayListUITests;
			sourceTree = "<group>";
		};
/* End PBXGroup section */

/* Begin PBXNativeTarget section */
		80D2B9A4255FE5F200707ECA /* HolidayList */ = {
			isa = PBXNativeTarget;
			buildConfigurationList = 80D2B9D2255FE5F300707ECA /* Build configuration list for PBXNativeTarget "HolidayList" */;
			buildPhases = (
				80D2B9A1255FE5F200707ECA /* Sources */,
				80D2B9A2255FE5F200707ECA /* Frameworks */,
				80D2B9A3255FE5F200707ECA /* Resources */,
			);
			buildRules = (
			);
			dependencies = (
			);
			name = HolidayList;
			productName = HolidayList;
			productReference = 80D2B9A5255FE5F200707ECA /* HolidayList.app */;
			productType = "com.apple.product-type.application";
		};
		80D2B9BD255FE5F300707ECA /* HolidayListTests */ = {
			isa = PBXNativeTarget;
			buildConfigurationList = 80D2B9D5255FE5F300707ECA /* Build configuration list for PBXNativeTarget "HolidayListTests" */;
			buildPhases = (
				80D2B9BA255FE5F300707ECA /* Sources */,
				80D2B9BB255FE5F300707ECA /* Frameworks */,
				80D2B9BC255FE5F300707ECA /* Resources */,
			);
			buildRules = (
			);
			dependencies = (
				80D2B9C0255FE5F300707ECA /* PBXTargetDependency */,
			);
			name = HolidayListTests;
			productName = HolidayListTests;
			productReference = 80D2B9BE255FE5F300707ECA /* HolidayListTests.xctest */;
			productType = "com.apple.product-type.bundle.unit-test";
		};
		80D2B9C8255FE5F300707ECA /* HolidayListUITests */ = {
			isa = PBXNativeTarget;
			buildConfigurationList = 80D2B9D8255FE5F300707ECA /* Build configuration list for PBXNativeTarget "HolidayListUITests" */;
			buildPhases = (
				80D2B9C5255FE5F300707ECA /* Sources */,
				80D2B9C6255FE5F300707ECA /* Frameworks */,
				80D2B9C7255FE5F300707ECA /* Resources */,
			);
			buildRules = (
			);
			dependencies = (
				80D2B9CB255FE5F300707ECA /* PBXTargetDependency */,
			);
			name = HolidayListUITests;
			productName = HolidayListUITests;
			productReference = 80D2B9C9255FE5F300707ECA /* HolidayListUITests.xctest */;
			productType = "com.apple.product-type.bundle.ui-testing";
		};
/* End PBXNativeTarget section */

/* Begin PBXProject section */
		80D2B99D255FE5F100707ECA /* Project object */ = {
			isa = PBXProject;
			attributes = {
				LastSwiftUpdateCheck = 1200;
				LastUpgradeCheck = 1200;
				TargetAttributes = {
					80D2B9A4255FE5F200707ECA = {
						CreatedOnToolsVersion = 12.0;
					};
					80D2B9BD255FE5F300707ECA = {
						CreatedOnToolsVersion = 12.0;
						TestTargetID = 80D2B9A4255FE5F200707ECA;
					};
					80D2B9C8255FE5F300707ECA = {
						CreatedOnToolsVersion = 12.0;
						TestTargetID = 80D2B9A4255FE5F200707ECA;
					};
				};
			};
			buildConfigurationList = 80D2B9A0255FE5F100707ECA /* Build configuration list for PBXProject "HolidayList" */;
			compatibilityVersion = "Xcode 9.3";
			developmentRegion = en;
			hasScannedForEncodings = 0;
			knownRegions = (
				en,
				Base,
			);
			mainGroup = 80D2B99C255FE5F100707ECA;
			productRefGroup = 80D2B9A6255FE5F200707ECA /* Products */;
			projectDirPath = "";
			projectRoot = "";
			targets = (
				80D2B9A4255FE5F200707ECA /* HolidayList */,
				80D2B9BD255FE5F300707ECA /* HolidayListTests */,
				80D2B9C8255FE5F300707ECA /* HolidayListUITests */,
			);
		};
/* End PBXProject section */

/* Begin PBXResourcesBuildPhase section */
		80D2B9A3255FE5F200707ECA /* Resources */ = {
			isa = PBXResourcesBuildPhase;
			buildActionMask = 2147483647;
			files = (
				80D2B9B8255FE5F300707ECA /* LaunchScreen.storyboard in Resources */,
				80D2B9B5255FE5F300707ECA /* Assets.xcassets in Resources */,
				80D2B9B0255FE5F200707ECA /* Main.storyboard in Resources */,
			);
			runOnlyForDeploymentPostprocessing = 0;
		};
		80D2B9BC255FE5F300707ECA /* Resources */ = {
			isa = PBXResourcesBuildPhase;
			buildActionMask = 2147483647;
			files = (
			);
			runOnlyForDeploymentPostprocessing = 0;
		};
		80D2B9C7255FE5F300707ECA /* Resources */ = {
			isa = PBXResourcesBuildPhase;
			buildActionMask = 2147483647;
			files = (
			);
			runOnlyForDeploymentPostprocessing = 0;
		};
/* End PBXResourcesBuildPhase section */

/* Begin PBXSourcesBuildPhase section */
		80D2B9A1255FE5F200707ECA /* Sources */ = {
			isa = PBXSourcesBuildPhase;
			buildActionMask = 2147483647;
			files = (
				80D2B9AD255FE5F200707ECA /* ViewController.swift in Sources */,
				80D2B9A9255FE5F200707ECA /* AppDelegate.swift in Sources */,
				80D2B9B3255FE5F200707ECA /* HolidayList.xcdatamodeld in Sources */,
				80D2B9AB255FE5F200707ECA /* SceneDelegate.swift in Sources */,
			);
			runOnlyForDeploymentPostprocessing = 0;
		};
		80D2B9BA255FE5F300707ECA /* Sources */ = {
			isa = PBXSourcesBuildPhase;
			buildActionMask = 2147483647;
			files = (
				80D2B9C3255FE5F300707ECA /* HolidayListTests.swift in Sources */,
			);
			runOnlyForDeploymentPostprocessing = 0;
		};
		80D2B9C5255FE5F300707ECA /* Sources */ = {
			isa = PBXSourcesBuildPhase;
			buildActionMask = 2147483647;
			files = (
				80D2B9CE255FE5F300707ECA /* HolidayListUITests.swift in Sources */,
			);
			runOnlyForDeploymentPostprocessing = 0;
		};
/* End PBXSourcesBuildPhase section */

/* Begin PBXTargetDependency section */
		80D2B9C0255FE5F300707ECA /* PBXTargetDependency */ = {
			isa = PBXTargetDependency;
			target = 80D2B9A4255FE5F200707ECA /* HolidayList */;
			targetProxy = 80D2B9BF255FE5F300707ECA /* PBXContainerItemProxy */;
		};
		80D2B9CB255FE5F300707ECA /* PBXTargetDependency */ = {
			isa = PBXTargetDependency;
			target = 80D2B9A4255FE5F200707ECA /* HolidayList */;
			targetProxy = 80D2B9CA255FE5F300707ECA /* PBXContainerItemProxy */;
		};
/* End PBXTargetDependency section */

/* Begin PBXVariantGroup section */
		80D2B9AE255FE5F200707ECA /* Main.storyboard */ = {
			isa = PBXVariantGroup;
			children = (
				80D2B9AF255FE5F200707ECA /* Base */,
			);
			name = Main.storyboard;
			sourceTree = "<group>";
		};
		80D2B9B6255FE5F300707ECA /* LaunchScreen.storyboard */ = {
			isa = PBXVariantGroup;
			children = (
				80D2B9B7255FE5F300707ECA /* Base */,
			);
			name = LaunchScreen.storyboard;
			sourceTree = "<group>";
		};
/* End PBXVariantGroup section */

/* Begin XCBuildConfiguration section */
		80D2B9D0255FE5F300707ECA /* Debug */ = {
			isa = XCBuildConfiguration;
			buildSettings = {
				ALWAYS_SEARCH_USER_PATHS = NO;
				CLANG_ANALYZER_NONNULL = YES;
				CLANG_ANALYZER_NUMBER_OBJECT_CONVERSION = YES_AGGRESSIVE;
				CLANG_CXX_LANGUAGE_STANDARD = "gnu++14";
				CLANG_CXX_LIBRARY = "libc++";
				CLANG_ENABLE_MODULES = YES;
				CLANG_ENABLE_OBJC_ARC = YES;
				CLANG_ENABLE_OBJC_WEAK = YES;
				CLANG_WARN_BLOCK_CAPTURE_AUTORELEASING = YES;
				CLANG_WARN_BOOL_CONVERSION = YES;
				CLANG_WARN_COMMA = YES;
				CLANG_WARN_CONSTANT_CONVERSION = YES;
				CLANG_WARN_DEPRECATED_OBJC_IMPLEMENTATIONS = YES;
				CLANG_WARN_DIRECT_OBJC_ISA_USAGE = YES_ERROR;
				CLANG_WARN_DOCUMENTATION_COMMENTS = YES;
				CLANG_WARN_EMPTY_BODY = YES;
				CLANG_WARN_ENUM_CONVERSION = YES;
				CLANG_WARN_INFINITE_RECURSION = YES;
				CLANG_WARN_INT_CONVERSION = YES;
				CLANG_WARN_NON_LITERAL_NULL_CONVERSION = YES;
				CLANG_WARN_OBJC_IMPLICIT_RETAIN_SELF = YES;
				CLANG_WARN_OBJC_LITERAL_CONVERSION = YES;
				CLANG_WARN_OBJC_ROOT_CLASS = YES_ERROR;
				CLANG_WARN_QUOTED_INCLUDE_IN_FRAMEWORK_HEADER = YES;
				CLANG_WARN_RANGE_LOOP_ANALYSIS = YES;
				CLANG_WARN_STRICT_PROTOTYPES = YES;
				CLANG_WARN_SUSPICIOUS_MOVE = YES;
				CLANG_WARN_UNGUARDED_AVAILABILITY = YES_AGGRESSIVE;
				CLANG_WARN_UNREACHABLE_CODE = YES;
				CLANG_WARN__DUPLICATE_METHOD_MATCH = YES;
				COPY_PHASE_STRIP = NO;
				DEBUG_INFORMATION_FORMAT = dwarf;
				ENABLE_STRICT_OBJC_MSGSEND = YES;
				ENABLE_TESTABILITY = YES;
				GCC_C_LANGUAGE_STANDARD = gnu11;
				GCC_DYNAMIC_NO_PIC = NO;
				GCC_NO_COMMON_BLOCKS = YES;
				GCC_OPTIMIZATION_LEVEL = 0;
				GCC_PREPROCESSOR_DEFINITIONS = (
					"DEBUG=1",
					"$(inherited)",
				);
				GCC_WARN_64_TO_32_BIT_CONVERSION = YES;
				GCC_WARN_ABOUT_RETURN_TYPE = YES_ERROR;
				GCC_WARN_UNDECLARED_SELECTOR = YES;
				GCC_WARN_UNINITIALIZED_AUTOS = YES_AGGRESSIVE;
				GCC_WARN_UNUSED_FUNCTION = YES;
				GCC_WARN_UNUSED_VARIABLE = YES;
				IPHONEOS_DEPLOYMENT_TARGET = 14.0;
				MTL_ENABLE_DEBUG_INFO = INCLUDE_SOURCE;
				MTL_FAST_MATH = YES;
				ONLY_ACTIVE_ARCH = YES;
				SDKROOT = iphoneos;
				SWIFT_ACTIVE_COMPILATION_CONDITIONS = DEBUG;
				SWIFT_OPTIMIZATION_LEVEL = "-Onone";
			};
			name = Debug;
		};
		80D2B9D1255FE5F300707ECA /* Release */ = {
			isa = XCBuildConfiguration;
			buildSettings = {
				ALWAYS_SEARCH_USER_PATHS = NO;
				CLANG_ANALYZER_NONNULL = YES;
				CLANG_ANALYZER_NUMBER_OBJECT_CONVERSION = YES_AGGRESSIVE;
				CLANG_CXX_LANGUAGE_STANDARD = "gnu++14";
				CLANG_CXX_LIBRARY = "libc++";
				CLANG_ENABLE_MODULES = YES;
				CLANG_ENABLE_OBJC_ARC = YES;
				CLANG_ENABLE_OBJC_WEAK = YES;
				CLANG_WARN_BLOCK_CAPTURE_AUTORELEASING = YES;
				CLANG_WARN_BOOL_CONVERSION = YES;
				CLANG_WARN_COMMA = YES;
				CLANG_WARN_CONSTANT_CONVERSION = YES;
				CLANG_WARN_DEPRECATED_OBJC_IMPLEMENTATIONS = YES;
				CLANG_WARN_DIRECT_OBJC_ISA_USAGE = YES_ERROR;
				CLANG_WARN_DOCUMENTATION_COMMENTS = YES;
				CLANG_WARN_EMPTY_BODY = YES;
				CLANG_WARN_ENUM_CONVERSION = YES;
				CLANG_WARN_INFINITE_RECURSION = YES;
				CLANG_WARN_INT_CONVERSION = YES;
				CLANG_WARN_NON_LITERAL_NULL_CONVERSION = YES;
				CLANG_WARN_OBJC_IMPLICIT_RETAIN_SELF = YES;
				CLANG_WARN_OBJC_LITERAL_CONVERSION = YES;
				CLANG_WARN_OBJC_ROOT_CLASS = YES_ERROR;
				CLANG_WARN_QUOTED_INCLUDE_IN_FRAMEWORK_HEADER = YES;
				CLANG_WARN_RANGE_LOOP_ANALYSIS = YES;
				CLANG_WARN_STRICT_PROTOTYPES = YES;
				CLANG_WARN_SUSPICIOUS_MOVE = YES;
				CLANG_WARN_UNGUARDED_AVAILABILITY = YES_AGGRESSIVE;
				CLANG_WARN_UNREACHABLE_CODE = YES;
				CLANG_WARN__DUPLICATE_METHOD_MATCH = YES;
				COPY_PHASE_STRIP = NO;
				DEBUG_INFORMATION_FORMAT = "dwarf-with-dsym";
				ENABLE_NS_ASSERTIONS = NO;
				ENABLE_STRICT_OBJC_MSGSEND = YES;
				GCC_C_LANGUAGE_STANDARD = gnu11;
				GCC_NO_COMMON_BLOCKS = YES;
				GCC_WARN_64_TO_32_BIT_CONVERSION = YES;
				GCC_WARN_ABOUT_RETURN_TYPE = YES_ERROR;
				GCC_WARN_UNDECLARED_SELECTOR = YES;
				GCC_WARN_UNINITIALIZED_AUTOS = YES_AGGRESSIVE;
				GCC_WARN_UNUSED_FUNCTION = YES;
				GCC_WARN_UNUSED_VARIABLE = YES;
				IPHONEOS_DEPLOYMENT_TARGET = 14.0;
				MTL_ENABLE_DEBUG_INFO = NO;
				MTL_FAST_MATH = YES;
				SDKROOT = iphoneos;
				SWIFT_COMPILATION_MODE = wholemodule;
				SWIFT_OPTIMIZATION_LEVEL = "-O";
				VALIDATE_PRODUCT = YES;
			};
			name = Release;
		};
		80D2B9D3255FE5F300707ECA /* Debug */ = {
			isa = XCBuildConfiguration;
			buildSettings = {
				ASSETCATALOG_COMPILER_APPICON_NAME = AppIcon;
				ASSETCATALOG_COMPILER_GLOBAL_ACCENT_COLOR_NAME = AccentColor;
				CODE_SIGN_STYLE = Automatic;
				DEVELOPMENT_TEAM = JPSVCU4H4D;
				INFOPLIST_FILE = HolidayList/Info.plist;
				LD_RUNPATH_SEARCH_PATHS = (
					"$(inherited)",
					"@executable_path/Frameworks",
				);
				PRODUCT_BUNDLE_IDENTIFIER = com.sueaty.HolidayList;
				PRODUCT_NAME = "$(TARGET_NAME)";
				SWIFT_VERSION = 5.0;
				TARGETED_DEVICE_FAMILY = "1,2";
			};
			name = Debug;
		};
		80D2B9D4255FE5F300707ECA /* Release */ = {
			isa = XCBuildConfiguration;
			buildSettings = {
				ASSETCATALOG_COMPILER_APPICON_NAME = AppIcon;
				ASSETCATALOG_COMPILER_GLOBAL_ACCENT_COLOR_NAME = AccentColor;
				CODE_SIGN_STYLE = Automatic;
				DEVELOPMENT_TEAM = JPSVCU4H4D;
				INFOPLIST_FILE = HolidayList/Info.plist;
				LD_RUNPATH_SEARCH_PATHS = (
					"$(inherited)",
					"@executable_path/Frameworks",
				);
				PRODUCT_BUNDLE_IDENTIFIER = com.sueaty.HolidayList;
				PRODUCT_NAME = "$(TARGET_NAME)";
				SWIFT_VERSION = 5.0;
				TARGETED_DEVICE_FAMILY = "1,2";
			};
			name = Release;
		};
		80D2B9D6255FE5F300707ECA /* Debug */ = {
			isa = XCBuildConfiguration;
			buildSettings = {
				ALWAYS_EMBED_SWIFT_STANDARD_LIBRARIES = YES;
				BUNDLE_LOADER = "$(TEST_HOST)";
				CODE_SIGN_STYLE = Automatic;
				DEVELOPMENT_TEAM = JPSVCU4H4D;
				INFOPLIST_FILE = HolidayListTests/Info.plist;
				IPHONEOS_DEPLOYMENT_TARGET = 14.0;
				LD_RUNPATH_SEARCH_PATHS = (
					"$(inherited)",
					"@executable_path/Frameworks",
					"@loader_path/Frameworks",
				);
				PRODUCT_BUNDLE_IDENTIFIER = com.sueaty.HolidayListTests;
				PRODUCT_NAME = "$(TARGET_NAME)";
				SWIFT_VERSION = 5.0;
				TARGETED_DEVICE_FAMILY = "1,2";
				TEST_HOST = "$(BUILT_PRODUCTS_DIR)/HolidayList.app/HolidayList";
			};
			name = Debug;
		};
		80D2B9D7255FE5F300707ECA /* Release */ = {
			isa = XCBuildConfiguration;
			buildSettings = {
				ALWAYS_EMBED_SWIFT_STANDARD_LIBRARIES = YES;
				BUNDLE_LOADER = "$(TEST_HOST)";
				CODE_SIGN_STYLE = Automatic;
				DEVELOPMENT_TEAM = JPSVCU4H4D;
				INFOPLIST_FILE = HolidayListTests/Info.plist;
				IPHONEOS_DEPLOYMENT_TARGET = 14.0;
				LD_RUNPATH_SEARCH_PATHS = (
					"$(inherited)",
					"@executable_path/Frameworks",
					"@loader_path/Frameworks",
				);
				PRODUCT_BUNDLE_IDENTIFIER = com.sueaty.HolidayListTests;
				PRODUCT_NAME = "$(TARGET_NAME)";
				SWIFT_VERSION = 5.0;
				TARGETED_DEVICE_FAMILY = "1,2";
				TEST_HOST = "$(BUILT_PRODUCTS_DIR)/HolidayList.app/HolidayList";
			};
			name = Release;
		};
		80D2B9D9255FE5F300707ECA /* Debug */ = {
			isa = XCBuildConfiguration;
			buildSettings = {
				ALWAYS_EMBED_SWIFT_STANDARD_LIBRARIES = YES;
				CODE_SIGN_STYLE = Automatic;
				DEVELOPMENT_TEAM = JPSVCU4H4D;
				INFOPLIST_FILE = HolidayListUITests/Info.plist;
				LD_RUNPATH_SEARCH_PATHS = (
					"$(inherited)",
					"@executable_path/Frameworks",
					"@loader_path/Frameworks",
				);
				PRODUCT_BUNDLE_IDENTIFIER = com.sueaty.HolidayListUITests;
				PRODUCT_NAME = "$(TARGET_NAME)";
				SWIFT_VERSION = 5.0;
				TARGETED_DEVICE_FAMILY = "1,2";
				TEST_TARGET_NAME = HolidayList;
			};
			name = Debug;
		};
		80D2B9DA255FE5F300707ECA /* Release */ = {
			isa = XCBuildConfiguration;
			buildSettings = {
				ALWAYS_EMBED_SWIFT_STANDARD_LIBRARIES = YES;
				CODE_SIGN_STYLE = Automatic;
				DEVELOPMENT_TEAM = JPSVCU4H4D;
				INFOPLIST_FILE = HolidayListUITests/Info.plist;
				LD_RUNPATH_SEARCH_PATHS = (
					"$(inherited)",
					"@executable_path/Frameworks",
					"@loader_path/Frameworks",
				);
				PRODUCT_BUNDLE_IDENTIFIER = com.sueaty.HolidayListUITests;
				PRODUCT_NAME = "$(TARGET_NAME)";
				SWIFT_VERSION = 5.0;
				TARGETED_DEVICE_FAMILY = "1,2";
				TEST_TARGET_NAME = HolidayList;
			};
			name = Release;
		};
/* End XCBuildConfiguration section */

/* Begin XCConfigurationList section */
		80D2B9A0255FE5F100707ECA /* Build configuration list for PBXProject "HolidayList" */ = {
			isa = XCConfigurationList;
			buildConfigurations = (
				80D2B9D0255FE5F300707ECA /* Debug */,
				80D2B9D1255FE5F300707ECA /* Release */,
			);
			defaultConfigurationIsVisible = 0;
			defaultConfigurationName = Release;
		};
		80D2B9D2255FE5F300707ECA /* Build configuration list for PBXNativeTarget "HolidayList" */ = {
			isa = XCConfigurationList;
			buildConfigurations = (
				80D2B9D3255FE5F300707ECA /* Debug */,
				80D2B9D4255FE5F300707ECA /* Release */,
			);
			defaultConfigurationIsVisible = 0;
			defaultConfigurationName = Release;
		};
		80D2B9D5255FE5F300707ECA /* Build configuration list for PBXNativeTarget "HolidayListTests" */ = {
			isa = XCConfigurationList;
			buildConfigurations = (
				80D2B9D6255FE5F300707ECA /* Debug */,
				80D2B9D7255FE5F300707ECA /* Release */,
			);
			defaultConfigurationIsVisible = 0;
			defaultConfigurationName = Release;
		};
		80D2B9D8255FE5F300707ECA /* Build configuration list for PBXNativeTarget "HolidayListUITests" */ = {
			isa = XCConfigurationList;
			buildConfigurations = (
				80D2B9D9255FE5F300707ECA /* Debug */,
				80D2B9DA255FE5F300707ECA /* Release */,
			);
			defaultConfigurationIsVisible = 0;
			defaultConfigurationName = Release;
		};
/* End XCConfigurationList section */

/* Begin XCVersionGroup section */
		80D2B9B1255FE5F200707ECA /* HolidayList.xcdatamodeld */ = {
			isa = XCVersionGroup;
			children = (
				80D2B9B2255FE5F200707ECA /* HolidayList.xcdatamodel */,
			);
			currentVersion = 80D2B9B2255FE5F200707ECA /* HolidayList.xcdatamodel */;
			path = HolidayList.xcdatamodeld;
			sourceTree = "<group>";
			versionGroupType = wrapper.xcdatamodel;
		};
/* End XCVersionGroup section */
	};
	rootObject = 80D2B99D255FE5F100707ECA /* Project object */;
}
